hash: d0912d4bc242665d78bc7ae832453149a46fc4d0e15d485840358bd04cf8ec3b
updated: 2018-04-30T22:31:14.361526126+01:00
imports:
- name: github.com/aws/aws-sdk-go
  version: a16d7fcf892ddf2a8791920dcd4b29e65721bb91
  subpackages:
  - aws
  - aws/awserr
  - aws/awsutil
  - aws/client
  - aws/client/metadata
  - aws/corehandlers
  - aws/credentials
  - aws/credentials/ec2rolecreds
  - aws/credentials/endpointcreds
  - aws/credentials/stscreds
  - aws/defaults
  - aws/ec2metadata
  - aws/endpoints
  - aws/request
  - aws/session
  - aws/signer/v4
  - internal/sdkio
  - internal/sdkrand
  - internal/shareddefaults
  - private/protocol
  - private/protocol/json/jsonutil
  - private/protocol/jsonrpc
  - private/protocol/query
  - private/protocol/query/queryutil
  - private/protocol/rest
  - private/protocol/xml/xmlutil
  - service/cognitoidentityprovider
  - service/sts
- name: github.com/boj/redistore
  version: 4562487a4bee9a7c272b72bfaeda4917d0a47ab9
- name: github.com/bradfitz/gomemcache
  version: 1952afaa557dc08e8e0d89eafab110fb501c1a2b
  subpackages:
  - memcache
- name: github.com/bradleypeabody/gorilla-sessions-memcache
  version: 75ee37df8664a47cd5d9eb84d41e1f2b08086893
- name: github.com/dustin/go-humanize
  version: 02af3965c54e8cacf948b97fef38925c4120652c
- name: github.com/garyburd/redigo
  version: d1ed5c67e5794de818ea85e6b522fda02623a484
  subpackages:
  - internal
  - redis
- name: github.com/gin-contrib/sessions
  version: cccdeef56346e7037ca92de250c2b55ef5e7ffe3
- name: github.com/gin-contrib/sse
  version: 22d885f9ecc78bf4ee5d72b937e4bbcdc58e8cae
- name: github.com/gin-gonic/gin
  version: d459835d2b077e44f7c9b453505ee29881d5d12d
  subpackages:
  - binding
  - render
- name: github.com/go-ini/ini
  version: bda519ae5f4cbc60d391ff8610711627a08b86ae
- name: github.com/golang/protobuf
  version: 925541529c1fa6821df4e44ce2723319eb2be768
  subpackages:
  - proto
- name: github.com/gorilla/context
  version: 08b5f424b9271eedf6f9f0ce86cb9396ed337a42
- name: github.com/gorilla/securecookie
  version: e59506cc896acb7f7bf732d4fdf5e25f7ccd8983
- name: github.com/gorilla/sessions
  version: fe21b6a095cd8a9d41cc7f412e13d35c130383f3
- name: github.com/jinzhu/gorm
  version: 5174cc5c242a728b435ea2be8a2f7f998e15429b
  subpackages:
  - dialects/sqlite
- name: github.com/jinzhu/inflection
  version: 1c35d901db3da928c72a72d8458480cc9ade058f
- name: github.com/jmespath/go-jmespath
  version: c2b33e8439af944379acbdd9c3a5fe0bc44bd8a5
- name: github.com/kidstuff/mongostore
  version: 256d65ac5b0e35e7c5ebb3f175c0bed1e5c2b253
- name: github.com/mattn/go-isatty
  version: 6ca4dbf54d38eea1a992b3c722a76a5d1c4cb25c
- name: github.com/mattn/go-sqlite3
  version: 9bdd5428f7d3754cbda0efab73be02be36e921ed
- name: github.com/nfnt/resize
  version: 83c6a9932646f83e3267f353373d47347b6036b2
- name: github.com/sirupsen/logrus
  version: c155da19408a8799da419ed3eeb0cb5db0ad5dbc
- name: github.com/stretchr/testify
  version: 12b6f73e6084dad08a7c6e575284b177ecafbc71
  subpackages:
  - assert
- name: github.com/ugorji/go
  version: f96c3ef8537241b4d508df6db3e0337d3130e50b
  subpackages:
  - codec
- name: golang.org/x/crypto
  version: bd6f299fb381e4c3393d1c4b1f0b94f5e77650c8
  subpackages:
  - bcrypt
  - blowfish
  - ssh/terminal
- name: golang.org/x/sys
  version: 8eb05f94d449fdf134ec24630ce69ada5b469c1c
  subpackages:
  - unix
  - windows
- name: gopkg.in/go-playground/validator.v8
  version: 5f1438d3fca68893a817e4a66806cea46a9e4ebf
- name: gopkg.in/mgo.v2
  version: 3f83fa5005286a7fe593b055f0d7771a7dce4655
  subpackages:
  - bson
  - internal/json
  - internal/sasl
  - internal/scram
- name: gopkg.in/yaml.v2
  version: eb3733d160e74a9c7e442f435eb3bea458e1d19f
testImports:
- name: github.com/davecgh/go-spew
  version: 6d212800a42e8ab5c146b8ace3490ee17e5225f9
  subpackages:
  - spew
- name: github.com/pmezard/go-difflib
  version: d8ed2627bdf02c080bf22230dbb337003b7aba2d
  subpackages:
  - difflib
